{
  "name": "hardhat-project",
  "requires": true,
  "lockfileVersion": 1,
  "dependencies": {
    "@nomicfoundation/hardhat-toolbox": {
      "version": "2.0.1",
      "resolved": "https://registry.npmjs.org/@nomicfoundation/hardhat-toolbox/-/hardhat-toolbox-2.0.1.tgz",
      "integrity": "sha512-/pr8m9xlqiNlq6fXv4hEPNwdNwUhysoB2qbDCKqERfPpq34EydUQTC3Vis4aIea8RLwSrU8sDXFdv4TQxYstKw==",
      "dev": true
    }
  }
}
